
Microsoft Visual Studio Solution File, Format Version 12.00
Project("{FAE04EC0-301F-11D3-BF4B-00C04F79EFBC}") = "Forrest", "Forrest\Forrest.csproj", "{81BF0F6B-97B8-4789-9F91-24C0EC048610}"
EndProject
Project("{FAE04EC0-301F-11D3-BF4B-00C04F79EFBC}") = "Forrest.Test", "Forrest.Test\Forrest.Test.csproj", "{DAE24D5B-D2EE-480E-B01C-8EED48805697}"
EndProject
Global
	GlobalSection(SolutionConfigurationPlatforms) = preSolution
		Debug|Any CPU = Debug|Any CPU
		Release|Any CPU = Release|Any CPU
	EndGlobalSection
	GlobalSection(ProjectConfigurationPlatforms) = postSolution
		{81BF0F6B-97B8-4789-9F91-24C0EC048610}.Debug|Any CPU.ActiveCfg = Debug|Any CPU
		{81BF0F6B-97B8-4789-9F91-24C0EC048610}.Debug|Any CPU.Build.0 = Debug|Any CPU
		{81BF0F6B-97B8-4789-9F91-24C0EC048610}.Release|Any CPU.ActiveCfg = Release|Any CPU
		{81BF0F6B-97B8-4789-9F91-24C0EC048610}.Release|Any CPU.Build.0 = Release|Any CPU
		{DAE24D5B-D2EE-480E-B01C-8EED48805697}.Debug|Any CPU.ActiveCfg = Debug|Any CPU
		{DAE24D5B-D2EE-480E-B01C-8EED48805697}.Debug|Any CPU.Build.0 = Debug|Any CPU
		{DAE24D5B-D2EE-480E-B01C-8EED48805697}.Release|Any CPU.ActiveCfg = Release|Any CPU
		{DAE24D5B-D2EE-480E-B01C-8EED48805697}.Release|Any CPU.Build.0 = Release|Any CPU
	EndGlobalSection
EndGlobal
